version = 1
revision = 3
requires-python = ">=3.14"

[[package]]
name = "cython"
version = "3.2.5"
source = { registry = "https://pypi.org/simple" }
sdist = { url = "https://files.pythonhosted.org/packages/3f/3b/ebd94c8b85f8e41b5015a9ed94ee3df866024d480d05cd08b774684fb81d/cython-3.2.5.tar.gz", hash = "sha256:3dd42e4cf36ad15f265bdfec2337cc00c688c8eb6d374ffd13bb19437c27bba1", size = 3286381, upload-time = "2026-05-23T19:34:08.439Z" }
wheels = [
    { url = "https://files.pythonhosted.org/packages/82/78/668ef887621f68255feddd482dbcdcf5788b6c91227dd35bd17f128f827b/cython-3.2.5-cp314-cp314-macosx_11_0_arm64.whl", hash = "sha256:a636c8b7824f3cb587eb2fdde59d8f4a14d433565508081cc290198e37567910", size = 2981525, upload-time = "2026-05-23T19:34:58.445Z" },
    { url = "https://files.pythonhosted.org/packages/a3/26/3b0adcbab1ab97db0fbcfd6ba30e375bf2ae1ee0389279dadcc277a061a3/cython-3.2.5-cp314-cp314-manylinux2014_aarch64.manylinux_2_17_aarch64.manylinux_2_28_aarch64.whl", hash = "sha256:69cd71b90d4e0f142fd15b2353982c3f9171fc5e613001f16bcb366ffb29004b", size = 3257788, upload-time = "2026-05-23T19:35:00.764Z" },
    { url = "https://files.pythonhosted.org/packages/dd/57/4b3e78cbacff3800468632c08e2c48b0b58f0d72f20595ddc1d0c8c3442c/cython-3.2.5-cp314-cp314-manylinux2014_x86_64.manylinux_2_17_x86_64.manylinux_2_28_x86_64.whl", hash = "sha256:3864da4ca2ebe4660d8f672f2143b02840bf3045655222f6090486171c84298f", size = 3390671, upload-time = "2026-05-23T19:35:02.659Z" },
    { url = "https://files.pythonhosted.org/packages/69/22/6d93cc72ec6a840b185dc0c21a0465a79ce0e992d3863168d43170c96276/cython-3.2.5-cp314-cp314-win_amd64.whl", hash = "sha256:605c447188aecf2941709f53a2ce44862be256e54601c01b38ab710d83db8047", size = 2794115, upload-time = "2026-05-23T19:35:04.883Z" },
    { url = "https://files.pythonhosted.org/packages/a3/de/e3e0cf5704fe569d54b8cd5dc316c9fbf08b1b74728732f86e90168b7a3f/cython-3.2.5-cp39-abi3-macosx_10_9_x86_64.whl", hash = "sha256:224149d18d980e6ea5001b70fc7ce096c1891d59035dfa9cc5ede50f55804913", size = 2879054, upload-time = "2026-05-23T19:35:18.265Z" },
    { url = "https://files.pythonhosted.org/packages/3c/d1/0a6a8caa35c4c57a1f1866b1141c2d00c6af67f73edbe34b2baec6919ccf/cython-3.2.5-cp39-abi3-manylinux1_i686.manylinux_2_28_i686.manylinux_2_5_i686.whl", hash = "sha256:992a50e90d01813333752f374a4405863113059ec67102ab8d6a431a171ee328", size = 3210422, upload-time = "2026-05-23T19:35:20.641Z" },
    { url = "https://files.pythonhosted.org/packages/07/b8/2523398ec96bb0c9bf69ada625a2256a581940b09fe11fcd0029f26ef4ad/cython-3.2.5-cp39-abi3-manylinux2014_armv7l.manylinux_2_17_armv7l.manylinux_2_31_armv7l.whl", hash = "sha256:8d7b81e6a52a84a02993f01aa5873786ba1dd593c892d93d5fe9866da0bad297", size = 2863809, upload-time = "2026-05-23T19:35:22.416Z" },
    { url = "https://files.pythonhosted.org/packages/ff/3d/6b2f316d97bdb02283d79934e50da5cedfec65a536cdd3d69cc3a93486f9/cython-3.2.5-cp39-abi3-musllinux_1_2_aarch64.whl", hash = "sha256:34d21aeb08477c9173e8be7a566b19e880a7c8109ec6bb47a4b20cb680141114", size = 2992518, upload-time = "2026-05-23T19:35:24.737Z" },
    { url = "https://files.pythonhosted.org/packages/68/2c/c9238db1eba208e226d363c00c8b74bf531a6b40c75df2334baa85e142bf/cython-3.2.5-cp39-abi3-musllinux_1_2_armv7l.whl", hash = "sha256:c4c79e697db55f082a2d3ba97702e71881d5bb1f56f0a80fa338e69101e4c59b", size = 2886221, upload-time = "2026-05-23T19:35:26.64Z" },
    { url = "https://files.pythonhosted.org/packages/2d/15/229cc5c2ed92bb8b43c73a3d31c2b4eaf498409300c34a06d93147f7a42b/cython-3.2.5-cp39-abi3-musllinux_1_2_i686.whl", hash = "sha256:39acb30eba78ba6d995d5cf3d97d57d450663d93aac6f8b93753d2b89d768c60", size = 3226990, upload-time = "2026-05-23T19:35:28.979Z" },
    { url = "https://files.pythonhosted.org/packages/56/31/9c0024f2c772fc303f8cae2a204bcad2fedfaf921ba71cf13a878639432d/cython-3.2.5-cp39-abi3-musllinux_1_2_x86_64.whl", hash = "sha256:382122de8d6b6024fc374fabc3a2b14ba5860ed981c25055ed14fe44278b9dc7", size = 3111004, upload-time = "2026-05-23T19:35:30.957Z" },
    { url = "https://files.pythonhosted.org/packages/82/71/8b528247e42ee63cbe1c1d53805d30b28663fa782c88da4a9b69a1a412dd/cython-3.2.5-cp39-abi3-win32.whl", hash = "sha256:0bc29c7f870b09efdb1f583fbec9592b33af81a7ce273b89c8f5163d7572d5c1", size = 2440395, upload-time = "2026-05-23T19:35:33.082Z" },
    { url = "https://files.pythonhosted.org/packages/50/4d/81c91d3279d156ee2c9ead7ed9eaa862e498066d759e92fb83d0d842c5a7/cython-3.2.5-cp39-abi3-win_arm64.whl", hash = "sha256:85b2944c3eddfc230f9082720195a2e9f869908e5a8b3185be1be832755ee7fc", size = 2446963, upload-time = "2026-05-23T19:35:35.267Z" },
    { url = "https://files.pythonhosted.org/packages/d4/5c/9cd909e6a8bb178e4e0f9a2a9227c8201a2be38abe45ada4a4c3e9154277/cython-3.2.5-py3-none-any.whl", hash = "sha256:dc1c8cebb7df5bce37f5f8dc1e5bf04313272a5973d50a55c0ec76c83812911b", size = 1257622, upload-time = "2026-05-23T19:34:05.163Z" },
]

[[package]]
name = "pygame"
version = "2.6.1"
source = { registry = "https://pypi.org/simple" }
sdist = { url = "https://files.pythonhosted.org/packages/49/cc/08bba60f00541f62aaa252ce0cfbd60aebd04616c0b9574f755b583e45ae/pygame-2.6.1.tar.gz", hash = "sha256:56fb02ead529cee00d415c3e007f75e0780c655909aaa8e8bf616ee09c9feb1f", size = 14808125, upload-time = "2024-09-29T13:41:34.698Z" }

[[package]]
name = "pyramid"
version = "0.1.0"
source = { editable = "." }
dependencies = [
    { name = "cython" },
    { name = "pygame" },
    { name = "setuptools" },
]

[package.metadata]
requires-dist = [
    { name = "cython", specifier = ">=3.2.5" },
    { name = "pygame", specifier = ">=2.6.1" },
    { name = "pyramid", editable = "." },
    { name = "setuptools", specifier = ">=82.0.1" },
]

[[package]]
name = "setuptools"
version = "82.0.1"
source = { registry = "https://pypi.org/simple" }
sdist = { url = "https://files.pythonhosted.org/packages/4f/db/cfac1baf10650ab4d1c111714410d2fbb77ac5a616db26775db562c8fab2/setuptools-82.0.1.tar.gz", hash = "sha256:7d872682c5d01cfde07da7bccc7b65469d3dca203318515ada1de5eda35efbf9", size = 1152316, upload-time = "2026-03-09T12:47:17.221Z" }
wheels = [
    { url = "https://files.pythonhosted.org/packages/9d/76/f789f7a86709c6b087c5a2f52f911838cad707cc613162401badc665acfe/setuptools-82.0.1-py3-none-any.whl", hash = "sha256:a59e362652f08dcd477c78bb6e7bd9d80a7995bc73ce773050228a348ce2e5bb", size = 1006223, upload-time = "2026-03-09T12:47:15.026Z" },
]
